
Microsoft Visual Studio Solution File, Format Version 12.00
# Visual Studio Version 17
VisualStudioVersion = 17.13.35919.96
MinimumVisualStudioVersion = 10.0.40219.1
Project("{FAE04EC0-301F-11D3-BF4B-00C04F79EFBC}") = "01. Algorithm", "1. Algorithm\01. Algorithm.csproj", "{3CDFE4AA-676B-4445-89FC-A66A3E331D57}"
EndProject
Project("{FAE04EC0-301F-11D3-BF4B-00C04F79EFBC}") = "02. List_Linear", "2. List\02. List_Linear.csproj", "{99835494-564F-4C70-9C4E-F59ABB494A1D}"
EndProject
Project("{FAE04EC0-301F-11D3-BF4B-00C04F79EFBC}") = "03. LinkedList_Linear", "3. LinkedList\03. LinkedList_Linear.csproj", "{D9FDA47B-9AA6-4DD7-BF24-0BC7612F2D2C}"
EndProject
Project("{FAE04EC0-301F-11D3-BF4B-00C04F79EFBC}") = "04. Stack_Linear", "4. Stack\04. Stack_Linear.csproj", "{29346201-D99D-4EBC-B715-0215D29404F5}"
EndProject
Project("{FAE04EC0-301F-11D3-BF4B-00C04F79EFBC}") = "05. Queue_Linear", "5. Queue\05. Queue_Linear.csproj", "{C4699B8E-B35A-4891-A9E3-BA5D36143FBA}"
EndProject
Project("{FAE04EC0-301F-11D3-BF4B-00C04F79EFBC}") = "06. HashTable_Linear", "6. HashTable\06. HashTable_Linear.csproj", "{B9AE218F-202B-46B5-84A3-74BD520A23B5}"
EndProject
Project("{FAE04EC0-301F-11D3-BF4B-00C04F79EFBC}") = "07. Graph_NonLinear", "7. Graph\07. Graph_NonLinear.csproj", "{B956E653-223B-4B87-A391-0D6F48E76283}"
EndProject
Project("{FAE04EC0-301F-11D3-BF4B-00C04F79EFBC}") = "08. Tree_NonLinear", "8. Tree\08. Tree_NonLinear.csproj", "{E145093D-CF11-4AD8-8FA7-1BAD8F186ADE}"
EndProject
Project("{FAE04EC0-301F-11D3-BF4B-00C04F79EFBC}") = "09. Recursion", "9. Recursion\09. Recursion.csproj", "{8D86AAAB-8F3C-4A36-BF98-04FF9F95AA2D}"
EndProject
Project("{FAE04EC0-301F-11D3-BF4B-00C04F79EFBC}") = "10. Sorting", "10. Sorting\10. Sorting.csproj", "{3903772D-1835-4774-9017-71644E23F12B}"
EndProject
Project("{FAE04EC0-301F-11D3-BF4B-00C04F79EFBC}") = "11. Searching", "11. Searching\11. Searching.csproj", "{7985EEE7-12E2-49CA-8737-5B10D327D137}"
EndProject
Project("{FAE04EC0-301F-11D3-BF4B-00C04F79EFBC}") = "12. DesignPatterns", "12. DesignPatterns\12. DesignPatterns.csproj", "{38399FD8-4C77-1638-8D1B-667B6DB4BE4E}"
EndProject
Project("{FAE04EC0-301F-11D3-BF4B-00C04F79EFBC}") = "13. Factory_Builder", "13. Factory_Builder\13. Factory_Builder.csproj", "{74272066-A3F9-4FAB-87A2-FE5858128AC3}"
EndProject
Global
	GlobalSection(SolutionConfigurationPlatforms) = preSolution
		Debug|Any CPU = Debug|Any CPU
		Release|Any CPU = Release|Any CPU
	EndGlobalSection
	GlobalSection(ProjectConfigurationPlatforms) = postSolution
		{3CDFE4AA-676B-4445-89FC-A66A3E331D57}.Debug|Any CPU.ActiveCfg = Debug|Any CPU
		{3CDFE4AA-676B-4445-89FC-A66A3E331D57}.Debug|Any CPU.Build.0 = Debug|Any CPU
		{3CDFE4AA-676B-4445-89FC-A66A3E331D57}.Release|Any CPU.ActiveCfg = Release|Any CPU
		{3CDFE4AA-676B-4445-89FC-A66A3E331D57}.Release|Any CPU.Build.0 = Release|Any CPU
		{99835494-564F-4C70-9C4E-F59ABB494A1D}.Debug|Any CPU.ActiveCfg = Debug|Any CPU
		{99835494-564F-4C70-9C4E-F59ABB494A1D}.Debug|Any CPU.Build.0 = Debug|Any CPU
		{99835494-564F-4C70-9C4E-F59ABB494A1D}.Release|Any CPU.ActiveCfg = Release|Any CPU
		{99835494-564F-4C70-9C4E-F59ABB494A1D}.Release|Any CPU.Build.0 = Release|Any CPU
		{D9FDA47B-9AA6-4DD7-BF24-0BC7612F2D2C}.Debug|Any CPU.ActiveCfg = Debug|Any CPU
		{D9FDA47B-9AA6-4DD7-BF24-0BC7612F2D2C}.Debug|Any CPU.Build.0 = Debug|Any CPU
		{D9FDA47B-9AA6-4DD7-BF24-0BC7612F2D2C}.Release|Any CPU.ActiveCfg = Release|Any CPU
		{D9FDA47B-9AA6-4DD7-BF24-0BC7612F2D2C}.Release|Any CPU.Build.0 = Release|Any CPU
		{29346201-D99D-4EBC-B715-0215D29404F5}.Debug|Any CPU.ActiveCfg = Debug|Any CPU
		{29346201-D99D-4EBC-B715-0215D29404F5}.Debug|Any CPU.Build.0 = Debug|Any CPU
		{29346201-D99D-4EBC-B715-0215D29404F5}.Release|Any CPU.ActiveCfg = Release|Any CPU
		{29346201-D99D-4EBC-B715-0215D29404F5}.Release|Any CPU.Build.0 = Release|Any CPU
		{C4699B8E-B35A-4891-A9E3-BA5D36143FBA}.Debug|Any CPU.ActiveCfg = Debug|Any CPU
		{C4699B8E-B35A-4891-A9E3-BA5D36143FBA}.Debug|Any CPU.Build.0 = Debug|Any CPU
		{C4699B8E-B35A-4891-A9E3-BA5D36143FBA}.Release|Any CPU.ActiveCfg = Release|Any CPU
		{C4699B8E-B35A-4891-A9E3-BA5D36143FBA}.Release|Any CPU.Build.0 = Release|Any CPU
		{B9AE218F-202B-46B5-84A3-74BD520A23B5}.Debug|Any CPU.ActiveCfg = Debug|Any CPU
		{B9AE218F-202B-46B5-84A3-74BD520A23B5}.Debug|Any CPU.Build.0 = Debug|Any CPU
		{B9AE218F-202B-46B5-84A3-74BD520A23B5}.Release|Any CPU.ActiveCfg = Release|Any CPU
		{B9AE218F-202B-46B5-84A3-74BD520A23B5}.Release|Any CPU.Build.0 = Release|Any CPU
		{B956E653-223B-4B87-A391-0D6F48E76283}.Debug|Any CPU.ActiveCfg = Debug|Any CPU
		{B956E653-223B-4B87-A391-0D6F48E76283}.Debug|Any CPU.Build.0 = Debug|Any CPU
		{B956E653-223B-4B87-A391-0D6F48E76283}.Release|Any CPU.ActiveCfg = Release|Any CPU
		{B956E653-223B-4B87-A391-0D6F48E76283}.Release|Any CPU.Build.0 = Release|Any CPU
		{E145093D-CF11-4AD8-8FA7-1BAD8F186ADE}.Debug|Any CPU.ActiveCfg = Debug|Any CPU
		{E145093D-CF11-4AD8-8FA7-1BAD8F186ADE}.Debug|Any CPU.Build.0 = Debug|Any CPU
		{E145093D-CF11-4AD8-8FA7-1BAD8F186ADE}.Release|Any CPU.ActiveCfg = Release|Any CPU
		{E145093D-CF11-4AD8-8FA7-1BAD8F186ADE}.Release|Any CPU.Build.0 = Release|Any CPU
		{8D86AAAB-8F3C-4A36-BF98-04FF9F95AA2D}.Debug|Any CPU.ActiveCfg = Debug|Any CPU
		{8D86AAAB-8F3C-4A36-BF98-04FF9F95AA2D}.Debug|Any CPU.Build.0 = Debug|Any CPU
		{8D86AAAB-8F3C-4A36-BF98-04FF9F95AA2D}.Release|Any CPU.ActiveCfg = Release|Any CPU
		{8D86AAAB-8F3C-4A36-BF98-04FF9F95AA2D}.Release|Any CPU.Build.0 = Release|Any CPU
		{3903772D-1835-4774-9017-71644E23F12B}.Debug|Any CPU.ActiveCfg = Debug|Any CPU
		{3903772D-1835-4774-9017-71644E23F12B}.Debug|Any CPU.Build.0 = Debug|Any CPU
		{3903772D-1835-4774-9017-71644E23F12B}.Release|Any CPU.ActiveCfg = Release|Any CPU
		{3903772D-1835-4774-9017-71644E23F12B}.Release|Any CPU.Build.0 = Release|Any CPU
		{7985EEE7-12E2-49CA-8737-5B10D327D137}.Debug|Any CPU.ActiveCfg = Debug|Any CPU
		{7985EEE7-12E2-49CA-8737-5B10D327D137}.Debug|Any CPU.Build.0 = Debug|Any CPU
		{7985EEE7-12E2-49CA-8737-5B10D327D137}.Release|Any CPU.ActiveCfg = Release|Any CPU
		{7985EEE7-12E2-49CA-8737-5B10D327D137}.Release|Any CPU.Build.0 = Release|Any CPU
		{38399FD8-4C77-1638-8D1B-667B6DB4BE4E}.Debug|Any CPU.ActiveCfg = Debug|Any CPU
		{38399FD8-4C77-1638-8D1B-667B6DB4BE4E}.Debug|Any CPU.Build.0 = Debug|Any CPU
		{38399FD8-4C77-1638-8D1B-667B6DB4BE4E}.Release|Any CPU.ActiveCfg = Release|Any CPU
		{38399FD8-4C77-1638-8D1B-667B6DB4BE4E}.Release|Any CPU.Build.0 = Release|Any CPU
		{74272066-A3F9-4FAB-87A2-FE5858128AC3}.Debug|Any CPU.ActiveCfg = Debug|Any CPU
		{74272066-A3F9-4FAB-87A2-FE5858128AC3}.Debug|Any CPU.Build.0 = Debug|Any CPU
		{74272066-A3F9-4FAB-87A2-FE5858128AC3}.Release|Any CPU.ActiveCfg = Release|Any CPU
		{74272066-A3F9-4FAB-87A2-FE5858128AC3}.Release|Any CPU.Build.0 = Release|Any CPU
	EndGlobalSection
	GlobalSection(SolutionProperties) = preSolution
		HideSolutionNode = FALSE
	EndGlobalSection
	GlobalSection(ExtensibilityGlobals) = postSolution
		SolutionGuid = {189B5EE6-AF2D-43D6-B279-2D8F3B8028D5}
	EndGlobalSection
EndGlobal
