
Microsoft Visual Studio Solution File, Format Version 12.00
# Visual Studio Version 17
VisualStudioVersion = 17.13.35828.75 d17.13
MinimumVisualStudioVersion = 10.0.40219.1
Project("{FAE04EC0-301F-11D3-BF4B-00C04F79EFBC}") = "Github_test", "Github_test.csproj", "{C050C4AA-AC66-4FD8-9EE4-9D090129A3DB}"
EndProject
Global
	GlobalSection(SolutionConfigurationPlatforms) = preSolution
		Debug|Any CPU = Debug|Any CPU
		Release|Any CPU = Release|Any CPU
	EndGlobalSection
	GlobalSection(ProjectConfigurationPlatforms) = postSolution
		{C050C4AA-AC66-4FD8-9EE4-9D090129A3DB}.Debug|Any CPU.ActiveCfg = Debug|Any CPU
		{C050C4AA-AC66-4FD8-9EE4-9D090129A3DB}.Debug|Any CPU.Build.0 = Debug|Any CPU
		{C050C4AA-AC66-4FD8-9EE4-9D090129A3DB}.Release|Any CPU.ActiveCfg = Release|Any CPU
		{C050C4AA-AC66-4FD8-9EE4-9D090129A3DB}.Release|Any CPU.Build.0 = Release|Any CPU
	EndGlobalSection
	GlobalSection(SolutionProperties) = preSolution
		HideSolutionNode = FALSE
	EndGlobalSection
	GlobalSection(ExtensibilityGlobals) = postSolution
		SolutionGuid = {CBD81D11-9028-4B0A-8C7E-AD8775452364}
	EndGlobalSection
EndGlobal
